
Microsoft Visual Studio Solution File, Format Version 12.00
# Visual Studio 15
VisualStudioVersion = 15.0.28010.0
MinimumVisualStudioVersion = 10.0.40219.1
Project("{FAE04EC0-301F-11D3-BF4B-00C04F79EFBC}") = "NewsStories", "NewsStories\NewsStories.csproj", "{6FEF5CED-F062-4760-8085-CB481D3BE7B1}"
EndProject
Global
	GlobalSection(SolutionConfigurationPlatforms) = preSolution
		Debug|Any CPU = Debug|Any CPU
		Release|Any CPU = Release|Any CPU
	EndGlobalSection
	GlobalSection(ProjectConfigurationPlatforms) = postSolution
		{6FEF5CED-F062-4760-8085-CB481D3BE7B1}.Debug|Any CPU.ActiveCfg = Debug|Any CPU
		{6FEF5CED-F062-4760-8085-CB481D3BE7B1}.Debug|Any CPU.Build.0 = Debug|Any CPU
		{6FEF5CED-F062-4760-8085-CB481D3BE7B1}.Release|Any CPU.ActiveCfg = Release|Any CPU
		{6FEF5CED-F062-4760-8085-CB481D3BE7B1}.Release|Any CPU.Build.0 = Release|Any CPU
	EndGlobalSection
	GlobalSection(SolutionProperties) = preSolution
		HideSolutionNode = FALSE
	EndGlobalSection
	GlobalSection(ExtensibilityGlobals) = postSolution
		SolutionGuid = {E4AAC13E-EE3F-413A-967C-97D1C441A180}
	EndGlobalSection
EndGlobal
